
Microsoft Visual Studio Solution File, Format Version 12.00
# Visual Studio 15
VisualStudioVersion = 15.0.28307.106
MinimumVisualStudioVersion = 10.0.40219.1
Project("{FAE04EC0-301F-11D3-BF4B-00C04F79EFBC}") = "FirstNetCoreMvcProject", "FirstNetCoreMvcProject\FirstNetCoreMvcProject.csproj", "{028D3F82-EDBC-4BE0-8C67-C0CF19B92D89}"
EndProject
Global
	GlobalSection(SolutionConfigurationPlatforms) = preSolution
		Debug|Any CPU = Debug|Any CPU
		Release|Any CPU = Release|Any CPU
	EndGlobalSection
	GlobalSection(ProjectConfigurationPlatforms) = postSolution
		{028D3F82-EDBC-4BE0-8C67-C0CF19B92D89}.Debug|Any CPU.ActiveCfg = Debug|Any CPU
		{028D3F82-EDBC-4BE0-8C67-C0CF19B92D89}.Debug|Any CPU.Build.0 = Debug|Any CPU
		{028D3F82-EDBC-4BE0-8C67-C0CF19B92D89}.Release|Any CPU.ActiveCfg = Release|Any CPU
		{028D3F82-EDBC-4BE0-8C67-C0CF19B92D89}.Release|Any CPU.Build.0 = Release|Any CPU
	EndGlobalSection
	GlobalSection(SolutionProperties) = preSolution
		HideSolutionNode = FALSE
	EndGlobalSection
	GlobalSection(ExtensibilityGlobals) = postSolution
		SolutionGuid = {6B8E15C9-1706-430A-B0B9-6703EE67B102}
	EndGlobalSection
EndGlobal
