
Microsoft Visual Studio Solution File, Format Version 12.00
# Visual Studio 15
VisualStudioVersion = 15.0.28307.106
MinimumVisualStudioVersion = 10.0.40219.1
Project("{FAE04EC0-301F-11D3-BF4B-00C04F79EFBC}") = "FirstNetCoreApplication", "FirstNetCoreApplication\FirstNetCoreApplication.csproj", "{375C063E-DEEA-4A9C-A039-5278902F938D}"
EndProject
Global
	GlobalSection(SolutionConfigurationPlatforms) = preSolution
		Debug|Any CPU = Debug|Any CPU
		Release|Any CPU = Release|Any CPU
	EndGlobalSection
	GlobalSection(ProjectConfigurationPlatforms) = postSolution
		{375C063E-DEEA-4A9C-A039-5278902F938D}.Debug|Any CPU.ActiveCfg = Debug|Any CPU
		{375C063E-DEEA-4A9C-A039-5278902F938D}.Debug|Any CPU.Build.0 = Debug|Any CPU
		{375C063E-DEEA-4A9C-A039-5278902F938D}.Release|Any CPU.ActiveCfg = Release|Any CPU
		{375C063E-DEEA-4A9C-A039-5278902F938D}.Release|Any CPU.Build.0 = Release|Any CPU
	EndGlobalSection
	GlobalSection(SolutionProperties) = preSolution
		HideSolutionNode = FALSE
	EndGlobalSection
	GlobalSection(ExtensibilityGlobals) = postSolution
		SolutionGuid = {2CC2ECD7-98BB-4C54-97C1-A1ABE3B83C20}
	EndGlobalSection
EndGlobal
